
Microsoft Visual Studio Solution File, Format Version 12.00
# Visual Studio Version 16
VisualStudioVersion = 16.0.30907.101
MinimumVisualStudioVersion = 10.0.40219.1
Project("{FAE04EC0-301F-11D3-BF4B-00C04F79EFBC}") = "System Info", "System Info\System Info.csproj", "{45568196-E05A-4E01-BCC6-459808190292}"
EndProject
Global
	GlobalSection(SolutionConfigurationPlatforms) = preSolution
		Debug|Any CPU = Debug|Any CPU
		Release|Any CPU = Release|Any CPU
	EndGlobalSection
	GlobalSection(ProjectConfigurationPlatforms) = postSolution
		{45568196-E05A-4E01-BCC6-459808190292}.Debug|Any CPU.ActiveCfg = Debug|Any CPU
		{45568196-E05A-4E01-BCC6-459808190292}.Debug|Any CPU.Build.0 = Debug|Any CPU
		{45568196-E05A-4E01-BCC6-459808190292}.Release|Any CPU.ActiveCfg = Release|Any CPU
		{45568196-E05A-4E01-BCC6-459808190292}.Release|Any CPU.Build.0 = Release|Any CPU
	EndGlobalSection
	GlobalSection(SolutionProperties) = preSolution
		HideSolutionNode = FALSE
	EndGlobalSection
	GlobalSection(ExtensibilityGlobals) = postSolution
		SolutionGuid = {FBDA8E2E-C673-4C5E-8908-92338600B35C}
	EndGlobalSection
EndGlobal
